{
  "name": "@nxn/cli",
  "version": "1.0.29",
  "lockfileVersion": 2,
  "requires": true,
  "packages": {
    "": {
      "name": "@nxn/cli",
      "version": "1.0.29",
      "license": "ISC",
      "dependencies": {
        "@nxn/cli": "^1.0.25",
        "@nxn/ext": "^1.0.12",
        "@nxn/files": "^1.0.7"
      },
      "bin": {
        "nxg": "index.js"
      }
    },
    "node_modules/@nxn/cli": {
      "version": "1.0.29",
      "resolved": "https://registry.npmjs.org/@nxn/cli/-/cli-1.0.29.tgz",
      "integrity": "sha512-KPOFnEGj57sQG49bgO/edCrf5uuFVJrZLdtVq789JMU9GxWViORcoLM3djxO6Mdmt3Wdu4YolX6zS+gEP0EYNw==",
      "dependencies": {
        "@nxn/cli": "^1.0.25",
        "@nxn/ext": "^1.0.12",
        "@nxn/files": "^1.0.7"
      },
      "bin": {
        "nxg": "index.js"
      }
    },
    "node_modules/@nxn/ext": {
      "version": "1.0.27",
      "resolved": "https://registry.npmjs.org/@nxn/ext/-/ext-1.0.27.tgz",
      "integrity": "sha512-i4ZFQzHbg55n9op35qieIkgofunic6rSgLPNrX0bxkdAB4MsnOUBU67D7/jGrZBfqgb3ZbZQkOizdFUhBr5NXQ=="
    },
    "node_modules/@nxn/files": {
      "version": "1.0.21",
      "resolved": "https://registry.npmjs.org/@nxn/files/-/files-1.0.21.tgz",
      "integrity": "sha512-xPu31T04ihpfc6kYGLNFOv2Odg95wV0SWOa2jfWNsOboSjS/MKYenpAGpZA/P1BUw0mmNDg623yn+T+Olg1nZg=="
    }
  },
  "dependencies": {
    "@nxn/cli": {
      "version": "1.0.29",
      "resolved": "https://registry.npmjs.org/@nxn/cli/-/cli-1.0.29.tgz",
      "integrity": "sha512-KPOFnEGj57sQG49bgO/edCrf5uuFVJrZLdtVq789JMU9GxWViORcoLM3djxO6Mdmt3Wdu4YolX6zS+gEP0EYNw==",
      "requires": {
        "@nxn/cli": "^1.0.25",
        "@nxn/ext": "^1.0.12",
        "@nxn/files": "^1.0.7"
      }
    },
    "@nxn/ext": {
      "version": "1.0.27",
      "resolved": "https://registry.npmjs.org/@nxn/ext/-/ext-1.0.27.tgz",
      "integrity": "sha512-i4ZFQzHbg55n9op35qieIkgofunic6rSgLPNrX0bxkdAB4MsnOUBU67D7/jGrZBfqgb3ZbZQkOizdFUhBr5NXQ=="
    },
    "@nxn/files": {
      "version": "1.0.21",
      "resolved": "https://registry.npmjs.org/@nxn/files/-/files-1.0.21.tgz",
      "integrity": "sha512-xPu31T04ihpfc6kYGLNFOv2Odg95wV0SWOa2jfWNsOboSjS/MKYenpAGpZA/P1BUw0mmNDg623yn+T+Olg1nZg=="
    }
  }
}
