{
  "name": "@nxn/cli",
  "version": "1.0.6",
  "lockfileVersion": 1,
  "requires": true,
  "dependencies": {
    "@nxn/ext": {
      "version": "1.0.1",
      "resolved": "https://registry.npmjs.org/@nxn/ext/-/ext-1.0.1.tgz",
      "integrity": "sha512-6GLDteHzrwyqcyrGYBFnjoAxBck5Gi7XV+cgGsBIzlWd3w/+Glw9gmu7iGc6Z2UCwz7f6bh5jM9ArtYkOwSbug=="
    },
    "@nxn/files": {
      "version": "1.0.3",
      "resolved": "https://registry.npmjs.org/@nxn/files/-/files-1.0.3.tgz",
      "integrity": "sha512-EluoQiSji/5q+7qZjTETV1wfcRkaOhiTMSepySIvjL6eTB8Qaeqy53YNTqP6KnmT6Z/EjWdkXOl98WWf6l734Q=="
    }
  }
}
