{
  "name": "@nxn/cli",
  "version": "1.0.42",
  "lockfileVersion": 2,
  "requires": true,
  "packages": {
    "": {
      "name": "@nxn/cli",
      "version": "1.0.42",
      "license": "ISC",
      "dependencies": {
        "@nxn/cli": "^1.0.25",
        "@nxn/ext": "^1.0.27",
        "@nxn/files": "^1.0.7",
        "js-yaml": "^4.1.0"
      },
      "bin": {
        "nxg": "index.js"
      }
    },
    "node_modules/@nxn/cli": {
      "version": "1.0.30",
      "resolved": "https://registry.npmjs.org/@nxn/cli/-/cli-1.0.30.tgz",
      "integrity": "sha512-GY9r4QEYQ6AyryILrPoahNBF5ACLiWMups727hUaI5XeQ7IicpgwcLfpE7vyAFVVAtOM/0hWfZrPaag7vwvfDg==",
      "dependencies": {
        "@nxn/cli": "^1.0.25",
        "@nxn/ext": "^1.0.12",
        "@nxn/files": "^1.0.7"
      },
      "bin": {
        "nxg": "index.js"
      }
    },
    "node_modules/@nxn/ext": {
      "version": "1.0.27",
      "resolved": "https://registry.npmjs.org/@nxn/ext/-/ext-1.0.27.tgz",
      "integrity": "sha512-i4ZFQzHbg55n9op35qieIkgofunic6rSgLPNrX0bxkdAB4MsnOUBU67D7/jGrZBfqgb3ZbZQkOizdFUhBr5NXQ=="
    },
    "node_modules/@nxn/files": {
      "version": "1.0.22",
      "resolved": "https://registry.npmjs.org/@nxn/files/-/files-1.0.22.tgz",
      "integrity": "sha512-aSnTJWg3ZElqbG8EV936yaryZRswZdyPh7XO5r0zp9K4JiIPekrnKfTxdoJRCkWng7RV3br8qBs3MLT3isme/w=="
    },
    "node_modules/argparse": {
      "version": "2.0.1",
      "resolved": "https://registry.npmjs.org/argparse/-/argparse-2.0.1.tgz",
      "integrity": "sha512-8+9WqebbFzpX9OR+Wa6O29asIogeRMzcGtAINdpMHHyAg10f05aSFVBbcEqGf/PXw1EjAZ+q2/bEBg3DvurK3Q=="
    },
    "node_modules/js-yaml": {
      "version": "4.1.0",
      "resolved": "https://registry.npmjs.org/js-yaml/-/js-yaml-4.1.0.tgz",
      "integrity": "sha512-wpxZs9NoxZaJESJGIZTyDEaYpl0FKSA+FB9aJiyemKhMwkxQg63h4T1KJgUGHpTqPDNRcmmYLugrRjJlBtWvRA==",
      "dependencies": {
        "argparse": "^2.0.1"
      },
      "bin": {
        "js-yaml": "bin/js-yaml.js"
      }
    }
  },
  "dependencies": {
    "@nxn/cli": {
      "version": "1.0.30",
      "resolved": "https://registry.npmjs.org/@nxn/cli/-/cli-1.0.30.tgz",
      "integrity": "sha512-GY9r4QEYQ6AyryILrPoahNBF5ACLiWMups727hUaI5XeQ7IicpgwcLfpE7vyAFVVAtOM/0hWfZrPaag7vwvfDg==",
      "requires": {
        "@nxn/cli": "^1.0.25",
        "@nxn/ext": "^1.0.12",
        "@nxn/files": "^1.0.7"
      }
    },
    "@nxn/ext": {
      "version": "1.0.27",
      "resolved": "https://registry.npmjs.org/@nxn/ext/-/ext-1.0.27.tgz",
      "integrity": "sha512-i4ZFQzHbg55n9op35qieIkgofunic6rSgLPNrX0bxkdAB4MsnOUBU67D7/jGrZBfqgb3ZbZQkOizdFUhBr5NXQ=="
    },
    "@nxn/files": {
      "version": "1.0.22",
      "resolved": "https://registry.npmjs.org/@nxn/files/-/files-1.0.22.tgz",
      "integrity": "sha512-aSnTJWg3ZElqbG8EV936yaryZRswZdyPh7XO5r0zp9K4JiIPekrnKfTxdoJRCkWng7RV3br8qBs3MLT3isme/w=="
    },
    "argparse": {
      "version": "2.0.1",
      "resolved": "https://registry.npmjs.org/argparse/-/argparse-2.0.1.tgz",
      "integrity": "sha512-8+9WqebbFzpX9OR+Wa6O29asIogeRMzcGtAINdpMHHyAg10f05aSFVBbcEqGf/PXw1EjAZ+q2/bEBg3DvurK3Q=="
    },
    "js-yaml": {
      "version": "4.1.0",
      "resolved": "https://registry.npmjs.org/js-yaml/-/js-yaml-4.1.0.tgz",
      "integrity": "sha512-wpxZs9NoxZaJESJGIZTyDEaYpl0FKSA+FB9aJiyemKhMwkxQg63h4T1KJgUGHpTqPDNRcmmYLugrRjJlBtWvRA==",
      "requires": {
        "argparse": "^2.0.1"
      }
    }
  }
}
